
Microsoft Visual Studio Solution File, Format Version 12.00
# Visual Studio 2012
Project("{FAE04EC0-301F-11D3-BF4B-00C04F79EFBC}") = "188.tts8888.net", "188.tts8888.net\188.tts8888.net.csproj", "{13961243-EF9A-47C7-8009-F6ECB3606452}"
EndProject
Global
	GlobalSection(SolutionConfigurationPlatforms) = preSolution
		Debug|Any CPU = Debug|Any CPU
		Release|Any CPU = Release|Any CPU
	EndGlobalSection
	GlobalSection(ProjectConfigurationPlatforms) = postSolution
		{13961243-EF9A-47C7-8009-F6ECB3606452}.Debug|Any CPU.ActiveCfg = Debug|Any CPU
		{13961243-EF9A-47C7-8009-F6ECB3606452}.Debug|Any CPU.Build.0 = Debug|Any CPU
		{13961243-EF9A-47C7-8009-F6ECB3606452}.Release|Any CPU.ActiveCfg = Release|Any CPU
		{13961243-EF9A-47C7-8009-F6ECB3606452}.Release|Any CPU.Build.0 = Release|Any CPU
	EndGlobalSection
	GlobalSection(SolutionProperties) = preSolution
		HideSolutionNode = FALSE
	EndGlobalSection
EndGlobal
